
Microsoft Visual Studio Solution File, Format Version 12.00
# Visual Studio 15
Project("{FAE04EC0-301F-11D3-BF4B-00C04F79EFBC}") = "Assembly-CSharp", "Assembly-CSharp.csproj", "{CEF5B57B-F67E-0E20-56D8-D05C3939A4DE}"
EndProject
Project("{FAE04EC0-301F-11D3-BF4B-00C04F79EFBC}") = "Assembly-CSharp-firstpass", "Assembly-CSharp-firstpass.csproj", "{0DC12E55-46C4-D675-CF83-FDB8F3C8DDF6}"
EndProject
Global
	GlobalSection(SolutionConfigurationPlatforms) = preSolution
		Debug|Any CPU = Debug|Any CPU
		Release|Any CPU = Release|Any CPU
	EndGlobalSection
	GlobalSection(ProjectConfigurationPlatforms) = postSolution
		{CEF5B57B-F67E-0E20-56D8-D05C3939A4DE}.Debug|Any CPU.ActiveCfg = Debug|Any CPU
		{CEF5B57B-F67E-0E20-56D8-D05C3939A4DE}.Debug|Any CPU.Build.0 = Debug|Any CPU
		{CEF5B57B-F67E-0E20-56D8-D05C3939A4DE}.Release|Any CPU.ActiveCfg = Release|Any CPU
		{CEF5B57B-F67E-0E20-56D8-D05C3939A4DE}.Release|Any CPU.Build.0 = Release|Any CPU
		{0DC12E55-46C4-D675-CF83-FDB8F3C8DDF6}.Debug|Any CPU.ActiveCfg = Debug|Any CPU
		{0DC12E55-46C4-D675-CF83-FDB8F3C8DDF6}.Debug|Any CPU.Build.0 = Debug|Any CPU
		{0DC12E55-46C4-D675-CF83-FDB8F3C8DDF6}.Release|Any CPU.ActiveCfg = Release|Any CPU
		{0DC12E55-46C4-D675-CF83-FDB8F3C8DDF6}.Release|Any CPU.Build.0 = Release|Any CPU
	EndGlobalSection
	GlobalSection(SolutionProperties) = preSolution
		HideSolutionNode = FALSE
	EndGlobalSection
EndGlobal
